Microsoft Visual Studio Solution File, Format Version 12.00
# Visual Studio Version 17
VisualStudioVersion = 17.11.35201.85
MinimumVisualStudioVersion = 10.0.40219.1
Project("{9A19103F-16F7-4668-BE54-9A1E7A4F7556}") = "SchulCloud.AppHost", "SchulCloud.AppHost\SchulCloud.AppHost.csproj", "{3809B640-DCC5-FF48-29DF-5C5FC8AE18EA}"
EndProject
Project("{9A19103F-16F7-4668-BE54-9A1E7A4F7556}") = "SchulCloud.Database", "SchulCloud.Database\SchulCloud.Database.csproj", "{A1367CCA-CBBF-22B0-70A3-D7798F064FA4}"
EndProject
Project("{9A19103F-16F7-4668-BE54-9A1E7A4F7556}") = "SchulCloud.DbManager", "SchulCloud.DbManager\SchulCloud.DbManager.csproj", "{B0EB4DF1-E528-CFA7-CA90-A84034244079}"
EndProject
Project("{9A19103F-16F7-4668-BE54-9A1E7A4F7556}") = "SchulCloud.ServiceDefaults", "SchulCloud.ServiceDefaults\SchulCloud.ServiceDefaults.csproj", "{343F3D5F-3780-9E38-C4B1-7AF1FA0C75B1}"
EndProject
Project("{9A19103F-16F7-4668-BE54-9A1E7A4F7556}") = "SchulCloud.Frontend", "SchulCloud.Frontend\SchulCloud.Frontend.csproj", "{1F51F7CF-E9A4-5382-F687-A46F5E397344}"
EndProject
Project("{9A19103F-16F7-4668-BE54-9A1E7A4F7556}") = "Aspire.Hosting.MailDev", "Aspire.Hosting.MailDev\Aspire.Hosting.MailDev.csproj", "{42EAE53C-0CB6-4C45-B68A-48D45BDB7C97}"
EndProject
Project("{9A19103F-16F7-4668-BE54-9A1E7A4F7556}") = "MailKit.Client", "MailKit.Client\MailKit.Client.csproj", "{CFB8D5D4-4F1F-4AAB-B420-38923D371464}"
EndProject
Project("{FAE04EC0-301F-11D3-BF4B-00C04F79EFBC}") = "SchulCloud.Store", "SchulCloud.Store\SchulCloud.Store.csproj", "{EA060A21-FE70-4477-8B87-2780E9735DEB}"
EndProject
Project("{FAE04EC0-301F-11D3-BF4B-00C04F79EFBC}") = "SchulCloud.Authorization", "SchulCloud.Authorization\SchulCloud.Authorization.csproj", "{3DA5C997-E3BB-4725-8C45-56699C5B023D}"
EndProject
Project("{FAE04EC0-301F-11D3-BF4B-00C04F79EFBC}") = "SchulCloud.RestApi", "SchulCloud.RestApi\SchulCloud.RestApi.csproj", "{F6F5235A-C6D0-4527-8254-CB3956843513}"
EndProject
Project("{FAE04EC0-301F-11D3-BF4B-00C04F79EFBC}") = "SchulCloud.Authentication", "SchulCloud.Authentication\SchulCloud.Authentication.csproj", "{AE1B0C3A-EAF0-4B42-8B53-856B05A8B6FC}"
EndProject
Global
	GlobalSection(SolutionConfigurationPlatforms) = preSolution
		Debug|Any CPU = Debug|Any CPU
		Release|Any CPU = Release|Any CPU
	EndGlobalSection
	GlobalSection(ProjectConfigurationPlatforms) = postSolution
		{3809B640-DCC5-FF48-29DF-5C5FC8AE18EA}.Debug|Any CPU.ActiveCfg = Debug|Any CPU
		{3809B640-DCC5-FF48-29DF-5C5FC8AE18EA}.Debug|Any CPU.Build.0 = Debug|Any CPU
		{3809B640-DCC5-FF48-29DF-5C5FC8AE18EA}.Release|Any CPU.ActiveCfg = Release|Any CPU
		{3809B640-DCC5-FF48-29DF-5C5FC8AE18EA}.Release|Any CPU.Build.0 = Release|Any CPU
		{A1367CCA-CBBF-22B0-70A3-D7798F064FA4}.Debug|Any CPU.ActiveCfg = Debug|Any CPU
		{A1367CCA-CBBF-22B0-70A3-D7798F064FA4}.Debug|Any CPU.Build.0 = Debug|Any CPU
		{A1367CCA-CBBF-22B0-70A3-D7798F064FA4}.Release|Any CPU.ActiveCfg = Release|Any CPU
		{A1367CCA-CBBF-22B0-70A3-D7798F064FA4}.Release|Any CPU.Build.0 = Release|Any CPU
		{B0EB4DF1-E528-CFA7-CA90-A84034244079}.Debug|Any CPU.ActiveCfg = Debug|Any CPU
		{B0EB4DF1-E528-CFA7-CA90-A84034244079}.Debug|Any CPU.Build.0 = Debug|Any CPU
		{B0EB4DF1-E528-CFA7-CA90-A84034244079}.Release|Any CPU.ActiveCfg = Release|Any CPU
		{B0EB4DF1-E528-CFA7-CA90-A84034244079}.Release|Any CPU.Build.0 = Release|Any CPU
		{343F3D5F-3780-9E38-C4B1-7AF1FA0C75B1}.Debug|Any CPU.ActiveCfg = Debug|Any CPU
		{343F3D5F-3780-9E38-C4B1-7AF1FA0C75B1}.Debug|Any CPU.Build.0 = Debug|Any CPU
		{343F3D5F-3780-9E38-C4B1-7AF1FA0C75B1}.Release|Any CPU.ActiveCfg = Release|Any CPU
		{343F3D5F-3780-9E38-C4B1-7AF1FA0C75B1}.Release|Any CPU.Build.0 = Release|Any CPU
		{1F51F7CF-E9A4-5382-F687-A46F5E397344}.Debug|Any CPU.ActiveCfg = Debug|Any CPU
		{1F51F7CF-E9A4-5382-F687-A46F5E397344}.Debug|Any CPU.Build.0 = Debug|Any CPU
		{1F51F7CF-E9A4-5382-F687-A46F5E397344}.Release|Any CPU.ActiveCfg = Release|Any CPU
		{1F51F7CF-E9A4-5382-F687-A46F5E397344}.Release|Any CPU.Build.0 = Release|Any CPU
		{42EAE53C-0CB6-4C45-B68A-48D45BDB7C97}.Debug|Any CPU.ActiveCfg = Debug|Any CPU
		{42EAE53C-0CB6-4C45-B68A-48D45BDB7C97}.Debug|Any CPU.Build.0 = Debug|Any CPU
		{42EAE53C-0CB6-4C45-B68A-48D45BDB7C97}.Release|Any CPU.ActiveCfg = Release|Any CPU
		{42EAE53C-0CB6-4C45-B68A-48D45BDB7C97}.Release|Any CPU.Build.0 = Release|Any CPU
		{CFB8D5D4-4F1F-4AAB-B420-38923D371464}.Debug|Any CPU.ActiveCfg = Debug|Any CPU
		{CFB8D5D4-4F1F-4AAB-B420-38923D371464}.Debug|Any CPU.Build.0 = Debug|Any CPU
		{CFB8D5D4-4F1F-4AAB-B420-38923D371464}.Release|Any CPU.ActiveCfg = Release|Any CPU
		{CFB8D5D4-4F1F-4AAB-B420-38923D371464}.Release|Any CPU.Build.0 = Release|Any CPU
		{EA060A21-FE70-4477-8B87-2780E9735DEB}.Debug|Any CPU.ActiveCfg = Debug|Any CPU
		{EA060A21-FE70-4477-8B87-2780E9735DEB}.Debug|Any CPU.Build.0 = Debug|Any CPU
		{EA060A21-FE70-4477-8B87-2780E9735DEB}.Release|Any CPU.ActiveCfg = Release|Any CPU
		{EA060A21-FE70-4477-8B87-2780E9735DEB}.Release|Any CPU.Build.0 = Release|Any CPU
		{3DA5C997-E3BB-4725-8C45-56699C5B023D}.Debug|Any CPU.ActiveCfg = Debug|Any CPU
		{3DA5C997-E3BB-4725-8C45-56699C5B023D}.Debug|Any CPU.Build.0 = Debug|Any CPU
		{3DA5C997-E3BB-4725-8C45-56699C5B023D}.Release|Any CPU.ActiveCfg = Release|Any CPU
		{3DA5C997-E3BB-4725-8C45-56699C5B023D}.Release|Any CPU.Build.0 = Release|Any CPU
		{F6F5235A-C6D0-4527-8254-CB3956843513}.Debug|Any CPU.ActiveCfg = Debug|Any CPU
		{F6F5235A-C6D0-4527-8254-CB3956843513}.Debug|Any CPU.Build.0 = Debug|Any CPU
		{F6F5235A-C6D0-4527-8254-CB3956843513}.Release|Any CPU.ActiveCfg = Release|Any CPU
		{F6F5235A-C6D0-4527-8254-CB3956843513}.Release|Any CPU.Build.0 = Release|Any CPU
		{AE1B0C3A-EAF0-4B42-8B53-856B05A8B6FC}.Debug|Any CPU.ActiveCfg = Debug|Any CPU
		{AE1B0C3A-EAF0-4B42-8B53-856B05A8B6FC}.Debug|Any CPU.Build.0 = Debug|Any CPU
		{AE1B0C3A-EAF0-4B42-8B53-856B05A8B6FC}.Release|Any CPU.ActiveCfg = Release|Any CPU
		{AE1B0C3A-EAF0-4B42-8B53-856B05A8B6FC}.Release|Any CPU.Build.0 = Release|Any CPU
	EndGlobalSection
	GlobalSection(SolutionProperties) = preSolution
		HideSolutionNode = FALSE
	EndGlobalSection
	GlobalSection(ExtensibilityGlobals) = postSolution
		SolutionGuid = {699A5F74-C238-4CA6-B83B-952FE22F6CC0}
	EndGlobalSection
EndGlobal
