
Microsoft Visual Studio Solution File, Format Version 12.00
# Visual Studio Version 17
VisualStudioVersion = 17.10.34928.147
MinimumVisualStudioVersion = 10.0.40219.1
Project("{9A19103F-16F7-4668-BE54-9A1E7A4F7556}") = "SchulCloud.Server", "SchulCloud.Server\SchulCloud.Server.csproj", "{D7E9DDB0-1F9A-4436-A4DB-6C236CBFF640}"
EndProject
Project("{9A19103F-16F7-4668-BE54-9A1E7A4F7556}") = "SchulCloud.Server.Client", "SchulCloud.Client\SchulCloud.Client.csproj", "{EB31D836-F064-44A7-A701-BFC92278374F}"
EndProject
Project("{FAE04EC0-301F-11D3-BF4B-00C04F79EFBC}") = "SchulCloud.AppHost", "SchulCloud.AppHost\SchulCloud.AppHost.csproj", "{04B3EA12-3562-402D-B134-10A02C02F2C2}"
EndProject
Project("{9A19103F-16F7-4668-BE54-9A1E7A4F7556}") = "SchulCloud.ServiceDefaults", "SchulCloud.ServiceDefaults\SchulCloud.ServiceDefaults.csproj", "{5B4CFAEE-9381-46E6-8EA8-D142D8F0FFED}"
EndProject
Global
	GlobalSection(SolutionConfigurationPlatforms) = preSolution
		Debug|Any CPU = Debug|Any CPU
		Release|Any CPU = Release|Any CPU
	EndGlobalSection
	GlobalSection(ProjectConfigurationPlatforms) = postSolution
		{D7E9DDB0-1F9A-4436-A4DB-6C236CBFF640}.Debug|Any CPU.ActiveCfg = Debug|Any CPU
		{D7E9DDB0-1F9A-4436-A4DB-6C236CBFF640}.Debug|Any CPU.Build.0 = Debug|Any CPU
		{D7E9DDB0-1F9A-4436-A4DB-6C236CBFF640}.Release|Any CPU.ActiveCfg = Release|Any CPU
		{D7E9DDB0-1F9A-4436-A4DB-6C236CBFF640}.Release|Any CPU.Build.0 = Release|Any CPU
		{EB31D836-F064-44A7-A701-BFC92278374F}.Debug|Any CPU.ActiveCfg = Debug|Any CPU
		{EB31D836-F064-44A7-A701-BFC92278374F}.Debug|Any CPU.Build.0 = Debug|Any CPU
		{EB31D836-F064-44A7-A701-BFC92278374F}.Release|Any CPU.ActiveCfg = Release|Any CPU
		{EB31D836-F064-44A7-A701-BFC92278374F}.Release|Any CPU.Build.0 = Release|Any CPU
		{04B3EA12-3562-402D-B134-10A02C02F2C2}.Debug|Any CPU.ActiveCfg = Debug|Any CPU
		{04B3EA12-3562-402D-B134-10A02C02F2C2}.Debug|Any CPU.Build.0 = Debug|Any CPU
		{04B3EA12-3562-402D-B134-10A02C02F2C2}.Release|Any CPU.ActiveCfg = Release|Any CPU
		{04B3EA12-3562-402D-B134-10A02C02F2C2}.Release|Any CPU.Build.0 = Release|Any CPU
		{5B4CFAEE-9381-46E6-8EA8-D142D8F0FFED}.Debug|Any CPU.ActiveCfg = Debug|Any CPU
		{5B4CFAEE-9381-46E6-8EA8-D142D8F0FFED}.Debug|Any CPU.Build.0 = Debug|Any CPU
		{5B4CFAEE-9381-46E6-8EA8-D142D8F0FFED}.Release|Any CPU.ActiveCfg = Release|Any CPU
		{5B4CFAEE-9381-46E6-8EA8-D142D8F0FFED}.Release|Any CPU.Build.0 = Release|Any CPU
	EndGlobalSection
	GlobalSection(SolutionProperties) = preSolution
		HideSolutionNode = FALSE
	EndGlobalSection
	GlobalSection(ExtensibilityGlobals) = postSolution
		SolutionGuid = {854D7960-20D6-4057-8E95-74E5BF0BF310}
	EndGlobalSection
EndGlobal
